// !$*UTF8*$!
{
	archiveVersion = 1;
	classes = {
	};
	objectVersion = 55;
	objects = {

/* Begin PBXBuildFile section */
		B831414A2860646500641BA3 /* workshop3A_groupe2App.swift in Sources */ = {isa = PBXBuildFile; fileRef = B83141492860646500641BA3 /* workshop3A_groupe2App.swift */; };
		B831414C2860646500641BA3 /* ContentView.swift in Sources */ = {isa = PBXBuildFile; fileRef = B831414B2860646500641BA3 /* ContentView.swift */; };
		B831414E2860646E00641BA3 /* Assets.xcassets in Resources */ = {isa = PBXBuildFile; fileRef = B831414D2860646E00641BA3 /* Assets.xcassets */; };
		B83141512860646E00641BA3 /* Preview Assets.xcassets in Resources */ = {isa = PBXBuildFile; fileRef = B83141502860646E00641BA3 /* Preview Assets.xcassets */; };
		B831415E2860727100641BA3 /* GestionView.swift in Sources */ = {isa = PBXBuildFile; fileRef = B831415D2860727100641BA3 /* GestionView.swift */; };
		B83141602860729900641BA3 /* MonCompteView.swift in Sources */ = {isa = PBXBuildFile; fileRef = B831415F2860729900641BA3 /* MonCompteView.swift */; };
		B83141622860740600641BA3 /* AccueilView.swift in Sources */ = {isa = PBXBuildFile; fileRef = B83141612860740600641BA3 /* AccueilView.swift */; };
		B83141642860741D00641BA3 /* LeSaviezVousView.swift in Sources */ = {isa = PBXBuildFile; fileRef = B83141632860741D00641BA3 /* LeSaviezVousView.swift */; };
		B83141662860775500641BA3 /* LeSaviezVous.swift in Sources */ = {isa = PBXBuildFile; fileRef = B83141652860775500641BA3 /* LeSaviezVous.swift */; };
		B831416828607C0100641BA3 /* LeSaviezVousCoursCardView.swift in Sources */ = {isa = PBXBuildFile; fileRef = B831416728607C0100641BA3 /* LeSaviezVousCoursCardView.swift */; };
		B831416B2860A5AF00641BA3 /* LeSaviezVousCurriculumDetails.swift in Sources */ = {isa = PBXBuildFile; fileRef = B831416A2860A5AF00641BA3 /* LeSaviezVousCurriculumDetails.swift */; };
		B831416E2860B04300641BA3 /* LeSaviezVousCurriculumDetailsView.swift in Sources */ = {isa = PBXBuildFile; fileRef = B831416D2860B04300641BA3 /* LeSaviezVousCurriculumDetailsView.swift */; };
		B83141702860B52C00641BA3 /* LeSaviezVousCurriculumDetailsCard.swift in Sources */ = {isa = PBXBuildFile; fileRef = B831416F2860B52C00641BA3 /* LeSaviezVousCurriculumDetailsCard.swift */; };
/* End PBXBuildFile section */

/* Begin PBXFileReference section */
		B83141462860646500641BA3 /* workshop3A-groupe2.app */ = {isa = PBXFileReference; explicitFileType = wrapper.application; includeInIndex = 0; path = "workshop3A-groupe2.app"; sourceTree = BUILT_PRODUCTS_DIR; };
		B83141492860646500641BA3 /* workshop3A_groupe2App.swift */ = {isa = PBXFileReference; lastKnownFileType = sourcecode.swift; path = workshop3A_groupe2App.swift; sourceTree = "<group>"; };
		B831414B2860646500641BA3 /* ContentView.swift */ = {isa = PBXFileReference; lastKnownFileType = sourcecode.swift; path = ContentView.swift; sourceTree = "<group>"; };
		B831414D2860646E00641BA3 /* Assets.xcassets */ = {isa = PBXFileReference; lastKnownFileType = folder.assetcatalog; path = Assets.xcassets; sourceTree = "<group>"; };
		B83141502860646E00641BA3 /* Preview Assets.xcassets */ = {isa = PBXFileReference; lastKnownFileType = folder.assetcatalog; path = "Preview Assets.xcassets"; sourceTree = "<group>"; };
		B831415D2860727100641BA3 /* GestionView.swift */ = {isa = PBXFileReference; lastKnownFileType = sourcecode.swift; path = GestionView.swift; sourceTree = "<group>"; };
		B831415F2860729900641BA3 /* MonCompteView.swift */ = {isa = PBXFileReference; lastKnownFileType = sourcecode.swift; path = MonCompteView.swift; sourceTree = "<group>"; };
		B83141612860740600641BA3 /* AccueilView.swift */ = {isa = PBXFileReference; lastKnownFileType = sourcecode.swift; path = AccueilView.swift; sourceTree = "<group>"; };
		B83141632860741D00641BA3 /* LeSaviezVousView.swift */ = {isa = PBXFileReference; lastKnownFileType = sourcecode.swift; path = LeSaviezVousView.swift; sourceTree = "<group>"; };
		B83141652860775500641BA3 /* LeSaviezVous.swift */ = {isa = PBXFileReference; lastKnownFileType = sourcecode.swift; path = LeSaviezVous.swift; sourceTree = "<group>"; };
		B831416728607C0100641BA3 /* LeSaviezVousCoursCardView.swift */ = {isa = PBXFileReference; lastKnownFileType = sourcecode.swift; path = LeSaviezVousCoursCardView.swift; sourceTree = "<group>"; };
		B831416A2860A5AF00641BA3 /* LeSaviezVousCurriculumDetails.swift */ = {isa = PBXFileReference; lastKnownFileType = sourcecode.swift; path = LeSaviezVousCurriculumDetails.swift; sourceTree = "<group>"; };
		B831416D2860B04300641BA3 /* LeSaviezVousCurriculumDetailsView.swift */ = {isa = PBXFileReference; lastKnownFileType = sourcecode.swift; path = LeSaviezVousCurriculumDetailsView.swift; sourceTree = "<group>"; };
		B831416F2860B52C00641BA3 /* LeSaviezVousCurriculumDetailsCard.swift */ = {isa = PBXFileReference; lastKnownFileType = sourcecode.swift; path = LeSaviezVousCurriculumDetailsCard.swift; sourceTree = "<group>"; };
/* End PBXFileReference section */

/* Begin PBXFrameworksBuildPhase section */
		B83141432860646500641BA3 /* Frameworks */ = {
			isa = PBXFrameworksBuildPhase;
			buildActionMask = 2147483647;
			files = (
			);
			runOnlyForDeploymentPostprocessing = 0;
		};
/* End PBXFrameworksBuildPhase section */

/* Begin PBXGroup section */
		B831413D2860646500641BA3 = {
			isa = PBXGroup;
			children = (
				B83141482860646500641BA3 /* workshop3A-groupe2 */,
				B83141472860646500641BA3 /* Products */,
			);
			sourceTree = "<group>";
		};
		B83141472860646500641BA3 /* Products */ = {
			isa = PBXGroup;
			children = (
				B83141462860646500641BA3 /* workshop3A-groupe2.app */,
			);
			name = Products;
			sourceTree = "<group>";
		};
		B83141482860646500641BA3 /* workshop3A-groupe2 */ = {
			isa = PBXGroup;
			children = (
				B83141572860676300641BA3 /* Models */,
				B83141492860646500641BA3 /* workshop3A_groupe2App.swift */,
				B831414B2860646500641BA3 /* ContentView.swift */,
				B831414D2860646E00641BA3 /* Assets.xcassets */,
				B831414F2860646E00641BA3 /* Preview Content */,
			);
			path = "workshop3A-groupe2";
			sourceTree = "<group>";
		};
		B831414F2860646E00641BA3 /* Preview Content */ = {
			isa = PBXGroup;
			children = (
				B83141502860646E00641BA3 /* Preview Assets.xcassets */,
			);
			path = "Preview Content";
			sourceTree = "<group>";
		};
		B83141572860676300641BA3 /* Models */ = {
			isa = PBXGroup;
			children = (
				B83141582860683100641BA3 /* Views */,
				B83141652860775500641BA3 /* LeSaviezVous.swift */,
				B831416A2860A5AF00641BA3 /* LeSaviezVousCurriculumDetails.swift */,
			);
			name = Models;
			sourceTree = "<group>";
		};
		B83141582860683100641BA3 /* Views */ = {
			isa = PBXGroup;
			children = (
				B831415D2860727100641BA3 /* GestionView.swift */,
				B831415F2860729900641BA3 /* MonCompteView.swift */,
				B83141612860740600641BA3 /* AccueilView.swift */,
				B83141632860741D00641BA3 /* LeSaviezVousView.swift */,
				B831416D2860B04300641BA3 /* LeSaviezVousCurriculumDetailsView.swift */,
				B831416C2860B01800641BA3 /* Components */,
			);
			path = Views;
			sourceTree = "<group>";
		};
		B831416C2860B01800641BA3 /* Components */ = {
			isa = PBXGroup;
			children = (
				B831416728607C0100641BA3 /* LeSaviezVousCoursCardView.swift */,
				B831416F2860B52C00641BA3 /* LeSaviezVousCurriculumDetailsCard.swift */,
			);
			name = Components;
			sourceTree = "<group>";
		};
/* End PBXGroup section */

/* Begin PBXNativeTarget section */
		B83141452860646500641BA3 /* workshop3A-groupe2 */ = {
			isa = PBXNativeTarget;
			buildConfigurationList = B83141542860646E00641BA3 /* Build configuration list for PBXNativeTarget "workshop3A-groupe2" */;
			buildPhases = (
				B83141422860646500641BA3 /* Sources */,
				B83141432860646500641BA3 /* Frameworks */,
				B83141442860646500641BA3 /* Resources */,
			);
			buildRules = (
			);
			dependencies = (
			);
			name = "workshop3A-groupe2";
			productName = "workshop3A-groupe2";
			productReference = B83141462860646500641BA3 /* workshop3A-groupe2.app */;
			productType = "com.apple.product-type.application";
		};
/* End PBXNativeTarget section */

/* Begin PBXProject section */
		B831413E2860646500641BA3 /* Project object */ = {
			isa = PBXProject;
			attributes = {
				BuildIndependentTargetsInParallel = 1;
				LastSwiftUpdateCheck = 1340;
				LastUpgradeCheck = 1340;
				TargetAttributes = {
					B83141452860646500641BA3 = {
						CreatedOnToolsVersion = 13.4.1;
					};
				};
			};
			buildConfigurationList = B83141412860646500641BA3 /* Build configuration list for PBXProject "workshop3A-groupe2" */;
			compatibilityVersion = "Xcode 13.0";
			developmentRegion = en;
			hasScannedForEncodings = 0;
			knownRegions = (
				en,
				Base,
			);
			mainGroup = B831413D2860646500641BA3;
			productRefGroup = B83141472860646500641BA3 /* Products */;
			projectDirPath = "";
			projectRoot = "";
			targets = (
				B83141452860646500641BA3 /* workshop3A-groupe2 */,
			);
		};
/* End PBXProject section */

/* Begin PBXResourcesBuildPhase section */
		B83141442860646500641BA3 /* Resources */ = {
			isa = PBXResourcesBuildPhase;
			buildActionMask = 2147483647;
			files = (
				B83141512860646E00641BA3 /* Preview Assets.xcassets in Resources */,
				B831414E2860646E00641BA3 /* Assets.xcassets in Resources */,
			);
			runOnlyForDeploymentPostprocessing = 0;
		};
/* End PBXResourcesBuildPhase section */

/* Begin PBXSourcesBuildPhase section */
		B83141422860646500641BA3 /* Sources */ = {
			isa = PBXSourcesBuildPhase;
			buildActionMask = 2147483647;
			files = (
				B83141662860775500641BA3 /* LeSaviezVous.swift in Sources */,
				B83141642860741D00641BA3 /* LeSaviezVousView.swift in Sources */,
				B831416E2860B04300641BA3 /* LeSaviezVousCurriculumDetailsView.swift in Sources */,
				B831414C2860646500641BA3 /* ContentView.swift in Sources */,
				B831416B2860A5AF00641BA3 /* LeSaviezVousCurriculumDetails.swift in Sources */,
				B83141702860B52C00641BA3 /* LeSaviezVousCurriculumDetailsCard.swift in Sources */,
				B831416828607C0100641BA3 /* LeSaviezVousCoursCardView.swift in Sources */,
				B83141622860740600641BA3 /* AccueilView.swift in Sources */,
				B831414A2860646500641BA3 /* workshop3A_groupe2App.swift in Sources */,
				B83141602860729900641BA3 /* MonCompteView.swift in Sources */,
				B831415E2860727100641BA3 /* GestionView.swift in Sources */,
			);
			runOnlyForDeploymentPostprocessing = 0;
		};
/* End PBXSourcesBuildPhase section */

/* Begin XCBuildConfiguration section */
		B83141522860646E00641BA3 /* Debug */ = {
			isa = XCBuildConfiguration;
			buildSettings = {
				ALWAYS_SEARCH_USER_PATHS = NO;
				CLANG_ANALYZER_NONNULL = YES;
				CLANG_ANALYZER_NUMBER_OBJECT_CONVERSION = YES_AGGRESSIVE;
				CLANG_CXX_LANGUAGE_STANDARD = "gnu++17";
				CLANG_ENABLE_MODULES = YES;
				CLANG_ENABLE_OBJC_ARC = YES;
				CLANG_ENABLE_OBJC_WEAK = YES;
				CLANG_WARN_BLOCK_CAPTURE_AUTORELEASING = YES;
				CLANG_WARN_BOOL_CONVERSION = YES;
				CLANG_WARN_COMMA = YES;
				CLANG_WARN_CONSTANT_CONVERSION = YES;
				CLANG_WARN_DEPRECATED_OBJC_IMPLEMENTATIONS = YES;
				CLANG_WARN_DIRECT_OBJC_ISA_USAGE = YES_ERROR;
				CLANG_WARN_DOCUMENTATION_COMMENTS = YES;
				CLANG_WARN_EMPTY_BODY = YES;
				CLANG_WARN_ENUM_CONVERSION = YES;
				CLANG_WARN_INFINITE_RECURSION = YES;
				CLANG_WARN_INT_CONVERSION = YES;
				CLANG_WARN_NON_LITERAL_NULL_CONVERSION = YES;
				CLANG_WARN_OBJC_IMPLICIT_RETAIN_SELF = YES;
				CLANG_WARN_OBJC_LITERAL_CONVERSION = YES;
				CLANG_WARN_OBJC_ROOT_CLASS = YES_ERROR;
				CLANG_WARN_QUOTED_INCLUDE_IN_FRAMEWORK_HEADER = YES;
				CLANG_WARN_RANGE_LOOP_ANALYSIS = YES;
				CLANG_WARN_STRICT_PROTOTYPES = YES;
				CLANG_WARN_SUSPICIOUS_MOVE = YES;
				CLANG_WARN_UNGUARDED_AVAILABILITY = YES_AGGRESSIVE;
				CLANG_WARN_UNREACHABLE_CODE = YES;
				CLANG_WARN__DUPLICATE_METHOD_MATCH = YES;
				COPY_PHASE_STRIP = NO;
				DEBUG_INFORMATION_FORMAT = dwarf;
				ENABLE_STRICT_OBJC_MSGSEND = YES;
				ENABLE_TESTABILITY = YES;
				GCC_C_LANGUAGE_STANDARD = gnu11;
				GCC_DYNAMIC_NO_PIC = NO;
				GCC_NO_COMMON_BLOCKS = YES;
				GCC_OPTIMIZATION_LEVEL = 0;
				GCC_PREPROCESSOR_DEFINITIONS = (
					"DEBUG=1",
					"$(inherited)",
				);
				GCC_WARN_64_TO_32_BIT_CONVERSION = YES;
				GCC_WARN_ABOUT_RETURN_TYPE = YES_ERROR;
				GCC_WARN_UNDECLARED_SELECTOR = YES;
				GCC_WARN_UNINITIALIZED_AUTOS = YES_AGGRESSIVE;
				GCC_WARN_UNUSED_FUNCTION = YES;
				GCC_WARN_UNUSED_VARIABLE = YES;
				IPHONEOS_DEPLOYMENT_TARGET = 15.5;
				MTL_ENABLE_DEBUG_INFO = INCLUDE_SOURCE;
				MTL_FAST_MATH = YES;
				ONLY_ACTIVE_ARCH = YES;
				SDKROOT = iphoneos;
				SWIFT_ACTIVE_COMPILATION_CONDITIONS = DEBUG;
				SWIFT_OPTIMIZATION_LEVEL = "-Onone";
			};
			name = Debug;
		};
		B83141532860646E00641BA3 /* Release */ = {
			isa = XCBuildConfiguration;
			buildSettings = {
				ALWAYS_SEARCH_USER_PATHS = NO;
				CLANG_ANALYZER_NONNULL = YES;
				CLANG_ANALYZER_NUMBER_OBJECT_CONVERSION = YES_AGGRESSIVE;
				CLANG_CXX_LANGUAGE_STANDARD = "gnu++17";
				CLANG_ENABLE_MODULES = YES;
				CLANG_ENABLE_OBJC_ARC = YES;
				CLANG_ENABLE_OBJC_WEAK = YES;
				CLANG_WARN_BLOCK_CAPTURE_AUTORELEASING = YES;
				CLANG_WARN_BOOL_CONVERSION = YES;
				CLANG_WARN_COMMA = YES;
				CLANG_WARN_CONSTANT_CONVERSION = YES;
				CLANG_WARN_DEPRECATED_OBJC_IMPLEMENTATIONS = YES;
				CLANG_WARN_DIRECT_OBJC_ISA_USAGE = YES_ERROR;
				CLANG_WARN_DOCUMENTATION_COMMENTS = YES;
				CLANG_WARN_EMPTY_BODY = YES;
				CLANG_WARN_ENUM_CONVERSION = YES;
				CLANG_WARN_INFINITE_RECURSION = YES;
				CLANG_WARN_INT_CONVERSION = YES;
				CLANG_WARN_NON_LITERAL_NULL_CONVERSION = YES;
				CLANG_WARN_OBJC_IMPLICIT_RETAIN_SELF = YES;
				CLANG_WARN_OBJC_LITERAL_CONVERSION = YES;
				CLANG_WARN_OBJC_ROOT_CLASS = YES_ERROR;
				CLANG_WARN_QUOTED_INCLUDE_IN_FRAMEWORK_HEADER = YES;
				CLANG_WARN_RANGE_LOOP_ANALYSIS = YES;
				CLANG_WARN_STRICT_PROTOTYPES = YES;
				CLANG_WARN_SUSPICIOUS_MOVE = YES;
				CLANG_WARN_UNGUARDED_AVAILABILITY = YES_AGGRESSIVE;
				CLANG_WARN_UNREACHABLE_CODE = YES;
				CLANG_WARN__DUPLICATE_METHOD_MATCH = YES;
				COPY_PHASE_STRIP = NO;
				DEBUG_INFORMATION_FORMAT = "dwarf-with-dsym";
				ENABLE_NS_ASSERTIONS = NO;
				ENABLE_STRICT_OBJC_MSGSEND = YES;
				GCC_C_LANGUAGE_STANDARD = gnu11;
				GCC_NO_COMMON_BLOCKS = YES;
				GCC_WARN_64_TO_32_BIT_CONVERSION = YES;
				GCC_WARN_ABOUT_RETURN_TYPE = YES_ERROR;
				GCC_WARN_UNDECLARED_SELECTOR = YES;
				GCC_WARN_UNINITIALIZED_AUTOS = YES_AGGRESSIVE;
				GCC_WARN_UNUSED_FUNCTION = YES;
				GCC_WARN_UNUSED_VARIABLE = YES;
				IPHONEOS_DEPLOYMENT_TARGET = 15.5;
				MTL_ENABLE_DEBUG_INFO = NO;
				MTL_FAST_MATH = YES;
				SDKROOT = iphoneos;
				SWIFT_COMPILATION_MODE = wholemodule;
				SWIFT_OPTIMIZATION_LEVEL = "-O";
				VALIDATE_PRODUCT = YES;
			};
			name = Release;
		};
		B83141552860646E00641BA3 /* Debug */ = {
			isa = XCBuildConfiguration;
			buildSettings = {
				ASSETCATALOG_COMPILER_APPICON_NAME = AppIcon;
				ASSETCATALOG_COMPILER_GLOBAL_ACCENT_COLOR_NAME = AccentColor;
				CODE_SIGN_STYLE = Automatic;
				CURRENT_PROJECT_VERSION = 1;
				DEVELOPMENT_ASSET_PATHS = "\"workshop3A-groupe2/Preview Content\"";
				DEVELOPMENT_TEAM = XXRML24R59;
				ENABLE_PREVIEWS = YES;
				GENERATE_INFOPLIST_FILE = YES;
				INFOPLIST_KEY_UIApplicationSceneManifest_Generation = YES;
				INFOPLIST_KEY_UIApplicationSupportsIndirectInputEvents = YES;
				INFOPLIST_KEY_UILaunchScreen_Generation = YES;
				INFOPLIST_KEY_UISupportedInterfaceOrientations_iPad = "UIInterfaceOrientationPortrait UIInterfaceOrientationPortraitUpsideDown UIInterfaceOrientationLandscapeLeft UIInterfaceOrientationLandscapeRight";
				INFOPLIST_KEY_UISupportedInterfaceOrientations_iPhone = "UIInterfaceOrientationPortrait UIInterfaceOrientationLandscapeLeft UIInterfaceOrientationLandscapeRight";
				LD_RUNPATH_SEARCH_PATHS = (
					"$(inherited)",
					"@executable_path/Frameworks",
				);
				MARKETING_VERSION = 1.0;
				PRODUCT_BUNDLE_IDENTIFIER = "com.groupe2-workshop3A.workshop3A-groupe2";
				PRODUCT_NAME = "$(TARGET_NAME)";
				SWIFT_EMIT_LOC_STRINGS = YES;
				SWIFT_VERSION = 5.0;
				TARGETED_DEVICE_FAMILY = "1,2";
			};
			name = Debug;
		};
		B83141562860646E00641BA3 /* Release */ = {
			isa = XCBuildConfiguration;
			buildSettings = {
				ASSETCATALOG_COMPILER_APPICON_NAME = AppIcon;
				ASSETCATALOG_COMPILER_GLOBAL_ACCENT_COLOR_NAME = AccentColor;
				CODE_SIGN_STYLE = Automatic;
				CURRENT_PROJECT_VERSION = 1;
				DEVELOPMENT_ASSET_PATHS = "\"workshop3A-groupe2/Preview Content\"";
				DEVELOPMENT_TEAM = XXRML24R59;
				ENABLE_PREVIEWS = YES;
				GENERATE_INFOPLIST_FILE = YES;
				INFOPLIST_KEY_UIApplicationSceneManifest_Generation = YES;
				INFOPLIST_KEY_UIApplicationSupportsIndirectInputEvents = YES;
				INFOPLIST_KEY_UILaunchScreen_Generation = YES;
				INFOPLIST_KEY_UISupportedInterfaceOrientations_iPad = "UIInterfaceOrientationPortrait UIInterfaceOrientationPortraitUpsideDown UIInterfaceOrientationLandscapeLeft UIInterfaceOrientationLandscapeRight";
				INFOPLIST_KEY_UISupportedInterfaceOrientations_iPhone = "UIInterfaceOrientationPortrait UIInterfaceOrientationLandscapeLeft UIInterfaceOrientationLandscapeRight";
				LD_RUNPATH_SEARCH_PATHS = (
					"$(inherited)",
					"@executable_path/Frameworks",
				);
				MARKETING_VERSION = 1.0;
				PRODUCT_BUNDLE_IDENTIFIER = "com.groupe2-workshop3A.workshop3A-groupe2";
				PRODUCT_NAME = "$(TARGET_NAME)";
				SWIFT_EMIT_LOC_STRINGS = YES;
				SWIFT_VERSION = 5.0;
				TARGETED_DEVICE_FAMILY = "1,2";
			};
			name = Release;
		};
/* End XCBuildConfiguration section */

/* Begin XCConfigurationList section */
		B83141412860646500641BA3 /* Build configuration list for PBXProject "workshop3A-groupe2" */ = {
			isa = XCConfigurationList;
			buildConfigurations = (
				B83141522860646E00641BA3 /* Debug */,
				B83141532860646E00641BA3 /* Release */,
			);
			defaultConfigurationIsVisible = 0;
			defaultConfigurationName = Release;
		};
		B83141542860646E00641BA3 /* Build configuration list for PBXNativeTarget "workshop3A-groupe2" */ = {
			isa = XCConfigurationList;
			buildConfigurations = (
				B83141552860646E00641BA3 /* Debug */,
				B83141562860646E00641BA3 /* Release */,
			);
			defaultConfigurationIsVisible = 0;
			defaultConfigurationName = Release;
		};
/* End XCConfigurationList section */
	};
	rootObject = B831413E2860646500641BA3 /* Project object */;
}
